
Microsoft Visual Studio Solution File, Format Version 12.00
# Visual Studio Version 17
VisualStudioVersion = 17.7.34024.191
MinimumVisualStudioVersion = 10.0.40219.1
Project("{9A19103F-16F7-4668-BE54-9A1E7A4F7556}") = "SIM_4K4_2023_G2_TP2", "SIM_4K4_2023_G2_TP2\SIM_4K4_2023_G2_TP2.csproj", "{978EA571-0CCB-48FB-A25B-51BCB2EF88E0}"
EndProject
Project("{9A19103F-16F7-4668-BE54-9A1E7A4F7556}") = "SIM_4K4_2023_G2_TP3", "SIM_4K4_2023_G2_TP3\SIM_4K4_2023_G2_TP3.csproj", "{4A6FD0E1-E39A-489C-AA4E-BDCD6A072867}"
EndProject
Project("{9A19103F-16F7-4668-BE54-9A1E7A4F7556}") = "SIM_4K4_2023_G2_TP4", "SIM_4K4_2023_G2_TP4\SIM_4K4_2023_G2_TP4.csproj", "{DD0D2E54-C553-47D0-9D61-6834222355BD}"
EndProject
Project("{9A19103F-16F7-4668-BE54-9A1E7A4F7556}") = "SIM_4K4_2023_G2_TP5", "SIM_4K4_2023_G2_TP5\SIM_4K4_2023_G2_TP5.csproj", "{AF3D2E2D-47EC-4F1E-9994-026D2E566172}"
EndProject
Global
	GlobalSection(SolutionConfigurationPlatforms) = preSolution
		Debug|Any CPU = Debug|Any CPU
		Release|Any CPU = Release|Any CPU
	EndGlobalSection
	GlobalSection(ProjectConfigurationPlatforms) = postSolution
		{978EA571-0CCB-48FB-A25B-51BCB2EF88E0}.Debug|Any CPU.ActiveCfg = Debug|Any CPU
		{978EA571-0CCB-48FB-A25B-51BCB2EF88E0}.Debug|Any CPU.Build.0 = Debug|Any CPU
		{978EA571-0CCB-48FB-A25B-51BCB2EF88E0}.Release|Any CPU.ActiveCfg = Release|Any CPU
		{978EA571-0CCB-48FB-A25B-51BCB2EF88E0}.Release|Any CPU.Build.0 = Release|Any CPU
		{4A6FD0E1-E39A-489C-AA4E-BDCD6A072867}.Debug|Any CPU.ActiveCfg = Debug|Any CPU
		{4A6FD0E1-E39A-489C-AA4E-BDCD6A072867}.Debug|Any CPU.Build.0 = Debug|Any CPU
		{4A6FD0E1-E39A-489C-AA4E-BDCD6A072867}.Release|Any CPU.ActiveCfg = Release|Any CPU
		{4A6FD0E1-E39A-489C-AA4E-BDCD6A072867}.Release|Any CPU.Build.0 = Release|Any CPU
		{DD0D2E54-C553-47D0-9D61-6834222355BD}.Debug|Any CPU.ActiveCfg = Debug|Any CPU
		{DD0D2E54-C553-47D0-9D61-6834222355BD}.Debug|Any CPU.Build.0 = Debug|Any CPU
		{DD0D2E54-C553-47D0-9D61-6834222355BD}.Release|Any CPU.ActiveCfg = Release|Any CPU
		{DD0D2E54-C553-47D0-9D61-6834222355BD}.Release|Any CPU.Build.0 = Release|Any CPU
		{AF3D2E2D-47EC-4F1E-9994-026D2E566172}.Debug|Any CPU.ActiveCfg = Debug|Any CPU
		{AF3D2E2D-47EC-4F1E-9994-026D2E566172}.Debug|Any CPU.Build.0 = Debug|Any CPU
		{AF3D2E2D-47EC-4F1E-9994-026D2E566172}.Release|Any CPU.ActiveCfg = Release|Any CPU
		{AF3D2E2D-47EC-4F1E-9994-026D2E566172}.Release|Any CPU.Build.0 = Release|Any CPU
	EndGlobalSection
	GlobalSection(SolutionProperties) = preSolution
		HideSolutionNode = FALSE
	EndGlobalSection
	GlobalSection(ExtensibilityGlobals) = postSolution
		SolutionGuid = {CB7A4161-2A01-4ECC-B736-60D3489328CF}
	EndGlobalSection
EndGlobal
